{
    "_readme": [
        "This file locks the dependencies of your project to a known state",
        "Read more about it at https://getcomposer.org/doc/01-basic-usage.md#installing-dependencies",
        "This file is @generated automatically"
    ],
    "content-hash": "1b57d8f1121fdd489c03dc38e9381e82",
    "packages": [
        {
            "name": "hautelook/phpass",
            "version": "1.1.0",
            "source": {
                "type": "git",
                "url": "https://github.com/hautelook/phpass.git",
                "reference": "b2daca28508000d1dd126e93ec472d771626a774"
            },
            "dist": {
                "type": "zip",
                "url": "https://api.github.com/repos/hautelook/phpass/zipball/b2daca28508000d1dd126e93ec472d771626a774",
                "reference": "b2daca28508000d1dd126e93ec472d771626a774",
                "shasum": ""
            },
            "require": {
                "php": ">=5.6.0"
            },
            "type": "library",
            "autoload": {
                "psr-0": {
                    "Hautelook": "src/"
                }
            },
            "notification-url": "https://packagist.org/downloads/",
            "license": [
                "Public Domain"
            ],
            "authors": [
                {
                    "name": "Solar Designer",
                    "email": "solar@openwall.com",
                    "homepage": "http://openwall.com/phpass/"
                }
            ],
            "description": "Portable PHP password hashing framework",
            "homepage": "http://github.com/hautelook/phpass/",
            "keywords": [
                "blowfish",
                "crypt",
                "password",
                "security"
            ],
            "support": {
                "issues": "https://github.com/hautelook/phpass/issues",
                "source": "https://github.com/hautelook/phpass/tree/master"
            },
            "time": "2012-08-31T00:00:00+00:00"
        },
        {
            "name": "seanmorris/access",
            "version": "dev-sm-api-tooling",
            "source": {
                "type": "git",
                "url": "https://github.com/seanmorris/access.git",
                "reference": "43ed4a1d9a5023cc7c6cacae722e9be6b0068032"
            },
            "dist": {
                "type": "zip",
                "url": "https://api.github.com/repos/seanmorris/access/zipball/43ed4a1d9a5023cc7c6cacae722e9be6b0068032",
                "reference": "43ed4a1d9a5023cc7c6cacae722e9be6b0068032",
                "shasum": ""
            },
            "require": {
                "hautelook/phpass": "^1.0"
            },
            "require-dev": {
                "simpletest/simpletest": "^1.1"
            },
            "type": "library",
            "autoload": {
                "psr-4": {
                    "SeanMorris\\Access\\Test\\": "test/",
                    "SeanMorris\\Access\\": "source/",
                    "seanmorris\\access\\": "source/"
                }
            },
            "notification-url": "https://packagist.org/downloads/",
            "authors": [
                {
                    "name": "Sean Morris",
                    "email": "sean@sean-morris.com"
                }
            ],
            "support": {
                "issues": "https://github.com/seanmorris/access/issues",
                "source": "https://github.com/seanmorris/access/tree/sm-api-tooling"
            },
            "time": "2020-12-07T21:02:24+00:00"
        },
        {
            "name": "seanmorris/form",
            "version": "dev-master",
            "source": {
                "type": "git",
                "url": "https://github.com/seanmorris/form.git",
                "reference": "b81c8c2f327d02ca27cf58cd953c7d30c13878c0"
            },
            "dist": {
                "type": "zip",
                "url": "https://api.github.com/repos/seanmorris/form/zipball/b81c8c2f327d02ca27cf58cd953c7d30c13878c0",
                "reference": "b81c8c2f327d02ca27cf58cd953c7d30c13878c0",
                "shasum": ""
            },
            "require": {
                "seanmorris/theme": "1.0.*"
            },
            "require-dev": {
                "simpletest/simpletest": "^1.1"
            },
            "default-branch": true,
            "type": "library",
            "autoload": {
                "psr-4": {
                    "SeanMorris\\Form\\Test\\": "test/",
                    "SeanMorris\\Form\\": "source/"
                }
            },
            "notification-url": "https://packagist.org/downloads/",
            "license": [
                "Apache-2.0"
            ],
            "authors": [
                {
                    "name": "Sean Morris",
                    "email": "sean@sean-morris.com"
                }
            ],
            "description": "Simple, Object oriented forms for PHP.",
            "support": {
                "issues": "https://github.com/seanmorris/form/issues",
                "source": "https://github.com/seanmorris/form/tree/master"
            },
            "time": "2020-12-14T22:14:41+00:00"
        },
        {
            "name": "seanmorris/ids",
            "version": "dev-sm-api-tooling",
            "source": {
                "type": "git",
                "url": "https://github.com/seanmorris/ids.git",
                "reference": "15b85f77f5013e65ab85c0143462c84238ee06bb"
            },
            "dist": {
                "type": "zip",
                "url": "https://api.github.com/repos/seanmorris/ids/zipball/15b85f77f5013e65ab85c0143462c84238ee06bb",
                "reference": "15b85f77f5013e65ab85c0143462c84238ee06bb",
                "shasum": ""
            },
            "require-dev": {
                "phpunit/phpunit": "^9",
                "seanmorris/ksqlc": "dev-master",
                "simpletest/simpletest": "dev-master"
            },
            "bin": [
                "bin/idilic"
            ],
            "type": "library",
            "autoload": {
                "psr-4": {
                    "SeanMorris\\Ids\\Test\\": "test/",
                    "SeanMorris\\Ids\\": "source/"
                }
            },
            "notification-url": "https://packagist.org/downloads/",
            "authors": [
                {
                    "name": "Sean Morris",
                    "email": "sean@sean-morris.com"
                }
            ],
            "support": {
                "issues": "https://github.com/seanmorris/ids/issues",
                "source": "https://github.com/seanmorris/ids/tree/sm-api-tooling"
            },
            "time": "2021-06-08T05:25:49+00:00"
        },
        {
            "name": "seanmorris/kallisti",
            "version": "dev-master",
            "source": {
                "type": "git",
                "url": "https://github.com/seanmorris/kallisti.git",
                "reference": "8c8f8ee0dba0d34525093d55dd270252806505cc"
            },
            "dist": {
                "type": "zip",
                "url": "https://api.github.com/repos/seanmorris/kallisti/zipball/8c8f8ee0dba0d34525093d55dd270252806505cc",
                "reference": "8c8f8ee0dba0d34525093d55dd270252806505cc",
                "shasum": ""
            },
            "require-dev": {
                "simpletest/simpletest": "dev-master"
            },
            "default-branch": true,
            "type": "library",
            "autoload": {
                "psr-4": {
                    "SeanMorris\\Kallisti\\Test\\": "test/",
                    "SeanMorris\\Kallisti\\": "source/"
                }
            },
            "notification-url": "https://packagist.org/downloads/",
            "authors": [
                {
                    "name": "Sean Morris",
                    "email": "inquire@seanmorr.is"
                }
            ],
            "description": "Chaos Management Engine",
            "support": {
                "issues": "https://github.com/seanmorris/kallisti/issues",
                "source": "https://github.com/seanmorris/kallisti/tree/master"
            },
            "time": "2021-04-06T19:53:01+00:00"
        },
        {
            "name": "seanmorris/message",
            "version": "dev-master",
            "source": {
                "type": "git",
                "url": "https://github.com/seanmorris/message.git",
                "reference": "73c1b67f72dedba14c572e6e80c2c4fdd7ac8d3e"
            },
            "dist": {
                "type": "zip",
                "url": "https://api.github.com/repos/seanmorris/message/zipball/73c1b67f72dedba14c572e6e80c2c4fdd7ac8d3e",
                "reference": "73c1b67f72dedba14c572e6e80c2c4fdd7ac8d3e",
                "shasum": ""
            },
            "default-branch": true,
            "type": "library",
            "autoload": {
                "psr-4": {
                    "SeanMorris\\Message\\Test\\": "test/",
                    "SeanMorris\\Message\\": "source/"
                }
            },
            "notification-url": "https://packagist.org/downloads/",
            "authors": [
                {
                    "name": "Sean Morris",
                    "email": "sean@sean-morris.com"
                }
            ],
            "support": {
                "issues": "https://github.com/seanmorris/message/issues",
                "source": "https://github.com/seanmorris/message/tree/master"
            },
            "time": "2018-05-07T18:57:24+00:00"
        },
        {
            "name": "seanmorris/presskit",
            "version": "dev-sm-api-tooling",
            "source": {
                "type": "git",
                "url": "https://github.com/seanmorris/PressKit.git",
                "reference": "ef8da6712459a0c10eb48a216047d8b83df5f716"
            },
            "dist": {
                "type": "zip",
                "url": "https://api.github.com/repos/seanmorris/PressKit/zipball/ef8da6712459a0c10eb48a216047d8b83df5f716",
                "reference": "ef8da6712459a0c10eb48a216047d8b83df5f716",
                "shasum": ""
            },
            "require": {
                "seanmorris/access": "dev-master",
                "seanmorris/form": "dev-master",
                "seanmorris/ids": "dev-master",
                "seanmorris/kallisti": "dev-master",
                "seanmorris/message": "dev-master",
                "seanmorris/theme": ">=1"
            },
            "require-dev": {
                "simpletest/simpletest": "dev-master"
            },
            "type": "library",
            "autoload": {
                "psr-4": {
                    "SeanMorris\\PressKit\\Test\\": "test/",
                    "SeanMorris\\PressKit\\": "source/"
                }
            },
            "notification-url": "https://packagist.org/downloads/",
            "authors": [
                {
                    "name": "Sean Morris",
                    "email": "sean@sean-morris.com"
                }
            ],
            "support": {
                "issues": "https://github.com/seanmorris/PressKit/issues",
                "source": "https://github.com/seanmorris/PressKit/tree/sm-api-tooling"
            },
            "time": "2020-12-07T21:04:13+00:00"
        },
        {
            "name": "seanmorris/theme",
            "version": "1.0.7",
            "source": {
                "type": "git",
                "url": "https://github.com/seanmorris/theme.git",
                "reference": "97554e153312026c7db4af8ae3653d20fe9d117d"
            },
            "dist": {
                "type": "zip",
                "url": "https://api.github.com/repos/seanmorris/theme/zipball/97554e153312026c7db4af8ae3653d20fe9d117d",
                "reference": "97554e153312026c7db4af8ae3653d20fe9d117d",
                "shasum": ""
            },
            "require-dev": {
                "simpletest/simpletest": "dev-master"
            },
            "type": "library",
            "autoload": {
                "psr-4": {
                    "SeanMorris\\Theme\\Test\\": "test/",
                    "SeanMorris\\Theme\\": "source/"
                }
            },
            "notification-url": "https://packagist.org/downloads/",
            "license": [
                "Apache-2.0"
            ],
            "authors": [
                {
                    "name": "Sean Morris",
                    "email": "sean@sean-morris.com"
                }
            ],
            "description": "Simple, sane templating and theming for PHP",
            "support": {
                "issues": "https://github.com/seanmorris/theme/issues",
                "source": "https://github.com/seanmorris/theme/tree/master"
            },
            "time": "2017-07-02T12:52:16+00:00"
        }
    ],
    "packages-dev": [
        {
            "name": "simpletest/simpletest",
            "version": "dev-master",
            "source": {
                "type": "git",
                "url": "https://github.com/simpletest/simpletest.git",
                "reference": "7191cd1756825d04af8d2eea32b34deb1b18f48a"
            },
            "dist": {
                "type": "zip",
                "url": "https://api.github.com/repos/simpletest/simpletest/zipball/7191cd1756825d04af8d2eea32b34deb1b18f48a",
                "reference": "7191cd1756825d04af8d2eea32b34deb1b18f48a",
                "shasum": ""
            },
            "require": {
                "php": ">=7.1"
            },
            "require-dev": {
                "ext-dom": "*",
                "ext-mbstring": "*",
                "ext-tidy": "*"
            },
            "default-branch": true,
            "type": "library",
            "autoload": {
                "classmap": [
                    "src/"
                ],
                "exclude-from-classmap": [
                    "/test"
                ]
            },
            "notification-url": "https://packagist.org/downloads/",
            "license": [
                "LGPL-2.0+"
            ],
            "authors": [
                {
                    "name": "Marcus Baker",
                    "email": "marcus@lastcraft.com",
                    "role": "Original project lead"
                },
                {
                    "name": "Jason Sweat",
                    "role": "Original developer"
                },
                {
                    "name": "Travis Swicegood",
                    "role": "Original developer"
                },
                {
                    "name": "Perrick Penet",
                    "role": "Original developer"
                },
                {
                    "name": "Edward Z. Yang",
                    "role": "Original developer"
                },
                {
                    "name": "Lachlan Donald",
                    "email": "lachlan@ljd.cc"
                },
                {
                    "name": "Lars Vierbergen",
                    "email": "vierbergenlars@gmail.com"
                },
                {
                    "name": "Jens A. Koch"
                }
            ],
            "description": "SimpleTest is a framework for unit testing, web site testing and mock objects for PHP.",
            "homepage": "http://simpletest.org/",
            "keywords": [
                "SimpleTest",
                "code-coverage",
                "selenium",
                "testing",
                "unit-test"
            ],
            "support": {
                "issues": "https://github.com/simpletest/simpletest/issues",
                "source": "https://github.com/simpletest/simpletest/tree/master"
            },
            "time": "2021-03-01T21:21:03+00:00"
        }
    ],
    "aliases": [
        {
            "package": "seanmorris/access",
            "version": "dev-sm-api-tooling",
            "alias": "dev-master",
            "alias_normalized": "dev-master"
        },
        {
            "package": "seanmorris/ids",
            "version": "dev-sm-api-tooling",
            "alias": "dev-master",
            "alias_normalized": "dev-master"
        },
        {
            "package": "seanmorris/presskit",
            "version": "dev-sm-api-tooling",
            "alias": "dev-master",
            "alias_normalized": "dev-master"
        }
    ],
    "minimum-stability": "dev",
    "stability-flags": {
        "seanmorris/ids": 20,
        "seanmorris/presskit": 20,
        "seanmorris/access": 20,
        "simpletest/simpletest": 20
    },
    "prefer-stable": false,
    "prefer-lowest": false,
    "platform": {
        "php": "^7.4",
        "ext-mbstring": "*",
        "ext-openssl": "*",
        "ext-redis": "*",
        "ext-uuid": "*"
    },
    "platform-dev": [],
    "plugin-api-version": "2.0.0"
}
